
Microsoft Visual Studio Solution File, Format Version 12.00
# Visual Studio Version 17
VisualStudioVersion = 17.1.32319.34
MinimumVisualStudioVersion = 10.0.40219.1
Project("{FAE04EC0-301F-11D3-BF4B-00C04F79EFBC}") = "Relogio", "Relogio\Relogio.csproj", "{2DCE3E7E-8DED-44DC-B5F5-201568010C0B}"
EndProject
Global
	GlobalSection(SolutionConfigurationPlatforms) = preSolution
		Debug|Any CPU = Debug|Any CPU
		Release|Any CPU = Release|Any CPU
	EndGlobalSection
	GlobalSection(ProjectConfigurationPlatforms) = postSolution
		{2DCE3E7E-8DED-44DC-B5F5-201568010C0B}.Debug|Any CPU.ActiveCfg = Debug|Any CPU
		{2DCE3E7E-8DED-44DC-B5F5-201568010C0B}.Debug|Any CPU.Build.0 = Debug|Any CPU
		{2DCE3E7E-8DED-44DC-B5F5-201568010C0B}.Release|Any CPU.ActiveCfg = Release|Any CPU
		{2DCE3E7E-8DED-44DC-B5F5-201568010C0B}.Release|Any CPU.Build.0 = Release|Any CPU
	EndGlobalSection
	GlobalSection(SolutionProperties) = preSolution
		HideSolutionNode = FALSE
	EndGlobalSection
	GlobalSection(ExtensibilityGlobals) = postSolution
		SolutionGuid = {66DAC7AF-3A13-48F7-B389-9A2476CEEB3C}
	EndGlobalSection
EndGlobal
